
Microsoft Visual Studio Solution File, Format Version 11.00
# Visual Studio 2010
Project("{FAE04EC0-301F-11D3-BF4B-00C04F79EFBC}") = "bounceback", "Assembly-CSharp.csproj", "{0CFABBC3-F5E6-337E-1042-8AA09082BA1E}"
EndProject
Project("{FAE04EC0-301F-11D3-BF4B-00C04F79EFBC}") = "bounceback", "Assembly-CSharp-Editor.csproj", "{030019A9-8A21-69F8-CF2D-4C6B6BF4A634}"
EndProject
Global
	GlobalSection(SolutionConfigurationPlatforms) = preSolution
		Debug|Any CPU = Debug|Any CPU
		Release|Any CPU = Release|Any CPU
	EndGlobalSection
	GlobalSection(ProjectConfigurationPlatforms) = postSolution
		{0CFABBC3-F5E6-337E-1042-8AA09082BA1E}.Debug|Any CPU.ActiveCfg = Debug|Any CPU
		{0CFABBC3-F5E6-337E-1042-8AA09082BA1E}.Debug|Any CPU.Build.0 = Debug|Any CPU
		{0CFABBC3-F5E6-337E-1042-8AA09082BA1E}.Release|Any CPU.ActiveCfg = Release|Any CPU
		{0CFABBC3-F5E6-337E-1042-8AA09082BA1E}.Release|Any CPU.Build.0 = Release|Any CPU
		{030019A9-8A21-69F8-CF2D-4C6B6BF4A634}.Debug|Any CPU.ActiveCfg = Debug|Any CPU
		{030019A9-8A21-69F8-CF2D-4C6B6BF4A634}.Debug|Any CPU.Build.0 = Debug|Any CPU
		{030019A9-8A21-69F8-CF2D-4C6B6BF4A634}.Release|Any CPU.ActiveCfg = Release|Any CPU
		{030019A9-8A21-69F8-CF2D-4C6B6BF4A634}.Release|Any CPU.Build.0 = Release|Any CPU
	EndGlobalSection
	GlobalSection(SolutionProperties) = preSolution
		HideSolutionNode = FALSE
	EndGlobalSection
	GlobalSection(MonoDevelopProperties) = preSolution
		StartupItem = Assembly-CSharp.csproj
	EndGlobalSection
EndGlobal
